{
  "name": "jomres",
  "version": "1.0.0",
  "lockfileVersion": 1,
  "requires": true,
  "dependencies": {
    "blockui-npm": {
      "version": "1.0.0",
      "resolved": "https://registry.npmjs.org/blockui-npm/-/blockui-npm-1.0.0.tgz",
      "integrity": "sha512-JUuOhRaag7lSClDWkNeuMCMBL4ld9BTCfasTKeAaa8a50L7MygjLyCE00Z44yfhAbJZNYth6Qv92iDU00e6j6Q=="
    },
    "blueimp-canvas-to-blob": {
      "version": "3.5.0",
      "resolved": "https://registry.npmjs.org/blueimp-canvas-to-blob/-/blueimp-canvas-to-blob-3.5.0.tgz",
      "integrity": "sha1-VnmsMvaig1gh8MOtZhcZ/4WpI2s=",
      "optional": true
    },
    "blueimp-file-upload": {
      "version": "9.21.0",
      "resolved": "https://registry.npmjs.org/blueimp-file-upload/-/blueimp-file-upload-9.21.0.tgz",
      "integrity": "sha512-lDsM4m6PETB0CXyKZHiSQd/HhBCCTxMwGCUnnIDG46bVsUsL/McrodXwaNZ//poUopH46XQvBdY/SnJFKK3DEg==",
      "requires": {
        "blueimp-canvas-to-blob": "3.5.0",
        "blueimp-load-image": "2.12.2",
        "blueimp-tmpl": "3.6.0"
      }
    },
    "blueimp-load-image": {
      "version": "2.12.2",
      "resolved": "https://registry.npmjs.org/blueimp-load-image/-/blueimp-load-image-2.12.2.tgz",
      "integrity": "sha1-ahdZiquFjU+/AVQ+BjEUG1EFfIc=",
      "optional": true
    },
    "blueimp-tmpl": {
      "version": "3.6.0",
      "resolved": "https://registry.npmjs.org/blueimp-tmpl/-/blueimp-tmpl-3.6.0.tgz",
      "integrity": "sha1-pJEJddBC4rwDunfw5i0E8VSKUkw=",
      "optional": true
    },
    "bootstrap": {
      "version": "4.0.0",
      "resolved": "https://registry.npmjs.org/bootstrap/-/bootstrap-4.0.0.tgz",
      "integrity": "sha512-gulJE5dGFo6Q61V/whS6VM4WIyrlydXfCgkE+Gxe5hjrJ8rXLLZlALq7zq2RPhOc45PSwQpJkrTnc2KgD6cvmA=="
    },
    "bootstrap-multiselect": {
      "version": "0.9.13",
      "resolved": "https://registry.npmjs.org/bootstrap-multiselect/-/bootstrap-multiselect-0.9.13.tgz",
      "integrity": "sha1-V7h0URSVOTsj+GbabS6GZXn8J+U="
    },
    "chart.js": {
      "version": "2.7.2",
      "resolved": "https://registry.npmjs.org/chart.js/-/chart.js-2.7.2.tgz",
      "integrity": "sha512-90wl3V9xRZ8tnMvMlpcW+0Yg13BelsGS9P9t0ClaDxv/hdypHDr/YAGf+728m11P5ljwyB0ZHfPKCapZFqSqYA==",
      "requires": {
        "chartjs-color": "2.2.0",
        "moment": "2.21.0"
      }
    },
    "chartjs-color": {
      "version": "2.2.0",
      "resolved": "https://registry.npmjs.org/chartjs-color/-/chartjs-color-2.2.0.tgz",
      "integrity": "sha1-hKL7dVeH7YXDndbdjHsdiEKbrq4=",
      "requires": {
        "chartjs-color-string": "0.5.0",
        "color-convert": "0.5.3"
      }
    },
    "chartjs-color-string": {
      "version": "0.5.0",
      "resolved": "https://registry.npmjs.org/chartjs-color-string/-/chartjs-color-string-0.5.0.tgz",
      "integrity": "sha512-amWNvCOXlOUYxZVDSa0YOab5K/lmEhbFNKI55PWc4mlv28BDzA7zaoQTGxSBgJMHIW+hGX8YUrvw/FH4LyhwSQ==",
      "requires": {
        "color-name": "1.1.3"
      }
    },
    "codemirror": {
      "version": "5.33.0",
      "resolved": "https://registry.npmjs.org/codemirror/-/codemirror-5.33.0.tgz",
      "integrity": "sha512-HT6PKVqkwpzwB3jl5hXFoQteEWXbSWMzG3Z8RVYlx8hZwCOLCy4NU7vkSB3dYX3e6ORwRfGw4uFOXaw4rn/a9Q=="
    },
    "color-convert": {
      "version": "0.5.3",
      "resolved": "https://registry.npmjs.org/color-convert/-/color-convert-0.5.3.tgz",
      "integrity": "sha1-vbbGnOZg+t/+CwAHzER+G59ygr0="
    },
    "color-name": {
      "version": "1.1.3",
      "resolved": "https://registry.npmjs.org/color-name/-/color-name-1.1.3.tgz",
      "integrity": "sha1-p9BVi9icQveV3UIyj3QIMcpTvCU="
    },
    "commonmark": {
      "version": "0.28.1",
      "resolved": "https://registry.npmjs.org/commonmark/-/commonmark-0.28.1.tgz",
      "integrity": "sha1-Buq41SM4uDn6Gi11rwCF7tGxvq4=",
      "requires": {
        "entities": "1.1.1",
        "mdurl": "1.0.1",
        "minimist": "1.2.0",
        "string.prototype.repeat": "0.2.0"
      }
    },
    "datatables.net": {
      "version": "1.10.16",
      "resolved": "https://registry.npmjs.org/datatables.net/-/datatables.net-1.10.16.tgz",
      "integrity": "sha1-SwUtEIKCQmG2ju2dInQbcR09JGk=",
      "requires": {
        "jquery": "1.12.4"
      }
    },
    "datatables.net-bs": {
      "version": "1.10.16",
      "resolved": "https://registry.npmjs.org/datatables.net-bs/-/datatables.net-bs-1.10.16.tgz",
      "integrity": "sha1-sIVPWzdPcTrj20FWx86op2DD3nY=",
      "requires": {
        "datatables.net": "1.10.16",
        "jquery": "1.12.4"
      }
    },
    "datatables.net-bs4": {
      "version": "1.10.16",
      "resolved": "https://registry.npmjs.org/datatables.net-bs4/-/datatables.net-bs4-1.10.16.tgz",
      "integrity": "sha1-nu5nz6hWW9OAemA6GIMF99DiDjI=",
      "requires": {
        "datatables.net": "1.10.16",
        "jquery": "1.12.4"
      }
    },
    "datatables.net-buttons": {
      "version": "1.5.1",
      "resolved": "https://registry.npmjs.org/datatables.net-buttons/-/datatables.net-buttons-1.5.1.tgz",
      "integrity": "sha1-zbNcDIsCYM1FsN9rOfbagVNX/rs=",
      "requires": {
        "datatables.net": "1.10.16",
        "jquery": "1.12.4"
      }
    },
    "datatables.net-buttons-bs": {
      "version": "1.5.1",
      "resolved": "https://registry.npmjs.org/datatables.net-buttons-bs/-/datatables.net-buttons-bs-1.5.1.tgz",
      "integrity": "sha1-bRsCvTQDpV93NiBzMnW7C4dOkcw=",
      "requires": {
        "datatables.net-bs": "1.10.16",
        "datatables.net-buttons": "1.5.1",
        "jquery": "1.12.4"
      }
    },
    "datatables.net-buttons-bs4": {
      "version": "1.5.1",
      "resolved": "https://registry.npmjs.org/datatables.net-buttons-bs4/-/datatables.net-buttons-bs4-1.5.1.tgz",
      "integrity": "sha1-SWxgAFch4B9DuqWBcmMREvT6WmQ=",
      "requires": {
        "datatables.net-bs4": "1.10.16",
        "datatables.net-buttons": "1.5.1",
        "jquery": "1.12.4"
      }
    },
    "datatables.net-responsive": {
      "version": "2.2.1",
      "resolved": "https://registry.npmjs.org/datatables.net-responsive/-/datatables.net-responsive-2.2.1.tgz",
      "integrity": "sha1-DLKbyCJRbGNdh2SWgvzYa6GEf+0=",
      "requires": {
        "datatables.net": "1.10.16",
        "jquery": "1.12.4"
      }
    },
    "datatables.net-responsive-bs": {
      "version": "2.2.1",
      "resolved": "https://registry.npmjs.org/datatables.net-responsive-bs/-/datatables.net-responsive-bs-2.2.1.tgz",
      "integrity": "sha1-/bY1+0muJ1leqW1b2IF6C1bhooY=",
      "requires": {
        "datatables.net-bs": "1.10.16",
        "datatables.net-responsive": "2.2.1",
        "jquery": "1.12.4"
      }
    },
    "datatables.net-responsive-bs4": {
      "version": "2.2.1",
      "resolved": "https://registry.npmjs.org/datatables.net-responsive-bs4/-/datatables.net-responsive-bs4-2.2.1.tgz",
      "integrity": "sha1-6zVE+7WWuxZVm6namT695NoqUWg=",
      "requires": {
        "datatables.net-bs4": "1.10.16",
        "datatables.net-responsive": "2.2.1",
        "jquery": "1.12.4"
      }
    },
    "entities": {
      "version": "1.1.1",
      "resolved": "https://registry.npmjs.org/entities/-/entities-1.1.1.tgz",
      "integrity": "sha1-blwtClYhtdra7O+AuQ7ftc13cvA="
    },
    "flag-icon-css": {
      "version": "2.9.0",
      "resolved": "https://registry.npmjs.org/flag-icon-css/-/flag-icon-css-2.9.0.tgz",
      "integrity": "sha512-SeHvGEB43XFPZiJz6lFFRGHfp+Db+s1qGiClW70cZauQVbPM42wImlNUEuXSXs94kPchz7xvoxP0QK1y6FxLfg=="
    },
    "font-awesome": {
      "version": "4.7.0",
      "resolved": "https://registry.npmjs.org/font-awesome/-/font-awesome-4.7.0.tgz",
      "integrity": "sha1-j6jPBBGhoxr9B7BtKQK7n8gVoTM="
    },
    "fullcalendar": {
      "version": "2.9.1",
      "resolved": "https://registry.npmjs.org/fullcalendar/-/fullcalendar-2.9.1.tgz",
      "integrity": "sha1-3SqERptid0nkfF3Z/XH1YUbgZRs=",
      "requires": {
        "jquery": "1.12.4",
        "moment": "2.21.0"
      }
    },
    "fullcalendar-scheduler": {
      "version": "1.3.3",
      "resolved": "https://registry.npmjs.org/fullcalendar-scheduler/-/fullcalendar-scheduler-1.3.3.tgz",
      "integrity": "sha1-WkTxtj0j1nOPJKWRrltS3Go9UO0=",
      "requires": {
        "fullcalendar": "2.9.1",
        "jquery": "1.12.4",
        "moment": "2.21.0"
      }
    },
    "galleria": {
      "version": "1.5.7",
      "resolved": "https://registry.npmjs.org/galleria/-/galleria-1.5.7.tgz",
      "integrity": "sha1-/9wHmx3dASxxgcydSaVna8zizeY=",
      "requires": {
        "jquery": "1.12.4"
      }
    },
    "jquery": {
      "version": "1.12.4",
      "resolved": "https://registry.npmjs.org/jquery/-/jquery-1.12.4.tgz",
      "integrity": "sha1-AeHfuikP5z3rp3zurLD5ui/sngw="
    },
    "jquery-migrate": {
      "version": "1.4.1",
      "resolved": "https://registry.npmjs.org/jquery-migrate/-/jquery-migrate-1.4.1.tgz",
      "integrity": "sha1-hRUvPsmalWJfT30Lz2LpuGOPWnY="
    },
    "jquery-star-rating-plugin": {
      "version": "4.11.0",
      "resolved": "https://registry.npmjs.org/jquery-star-rating-plugin/-/jquery-star-rating-plugin-4.11.0.tgz",
      "integrity": "sha1-viXo+eUtX9eD+k6h7tGPQIC2drY=",
      "requires": {
        "jquery": "1.12.4"
      }
    },
    "jquery-ui": {
      "version": "1.12.1",
      "resolved": "https://registry.npmjs.org/jquery-ui/-/jquery-ui-1.12.1.tgz",
      "integrity": "sha1-vLQEXI3QU5wTS8FIjN0+dop6nlE="
    },
    "jquery-ui-dist": {
      "version": "1.12.1",
      "resolved": "https://registry.npmjs.org/jquery-ui-dist/-/jquery-ui-dist-1.12.1.tgz",
      "integrity": "sha1-XAgV08xvkP9fqvWyaKbiO0ypBPo="
    },
    "jquery-ui-themes": {
      "version": "1.12.0",
      "resolved": "https://registry.npmjs.org/jquery-ui-themes/-/jquery-ui-themes-1.12.0.tgz",
      "integrity": "sha1-pXugrZaADYRSL+dok//L3mcIHVE="
    },
    "jquery-validation": {
      "version": "1.17.0",
      "resolved": "https://registry.npmjs.org/jquery-validation/-/jquery-validation-1.17.0.tgz",
      "integrity": "sha512-XddiAwhGdWhcIJ+W3ri3KG8uTPMua4TPYuUIC8/E7lOyqdScG5xHuy9YishlKc0c/lIQai77EX7hxMdTSYCEjA==",
      "requires": {
        "jquery": "1.12.4"
      }
    },
    "jquery.tipsy": {
      "version": "1.0.3",
      "resolved": "https://registry.npmjs.org/jquery.tipsy/-/jquery.tipsy-1.0.3.tgz",
      "integrity": "sha1-ZI86kCXTQr4ccoDyO3DEGDWoWxM=",
      "requires": {
        "jquery": "1.12.4"
      }
    },
    "js-cookie": {
      "version": "2.2.0",
      "resolved": "https://registry.npmjs.org/js-cookie/-/js-cookie-2.2.0.tgz",
      "integrity": "sha1-Gywnmm7s44ChIWi5JIUmWzWx7/s="
    },
    "mdurl": {
      "version": "1.0.1",
      "resolved": "https://registry.npmjs.org/mdurl/-/mdurl-1.0.1.tgz",
      "integrity": "sha1-/oWy7HWlkDfyrf7BAP1sYBdhFS4="
    },
    "minimist": {
      "version": "1.2.0",
      "resolved": "https://registry.npmjs.org/minimist/-/minimist-1.2.0.tgz",
      "integrity": "sha1-o1AIsg9BOD7sH7kU9M1d95omQoQ="
    },
    "moment": {
      "version": "2.21.0",
      "resolved": "https://registry.npmjs.org/moment/-/moment-2.21.0.tgz",
      "integrity": "sha512-TCZ36BjURTeFTM/CwRcViQlfkMvL1/vFISuNLO5GkcVm1+QHfbSiNqZuWeMFjj1/3+uAjXswgRk30j1kkLYJBQ=="
    },
    "popper.js": {
      "version": "1.14.1",
      "resolved": "https://registry.npmjs.org/popper.js/-/popper.js-1.14.1.tgz",
      "integrity": "sha1-uIFeXNpvYvwgQuR2GGSfdYZuZ1M="
    },
    "simple-cmeditor": {
      "version": "1.11.4",
      "resolved": "https://registry.npmjs.org/simple-cmeditor/-/simple-cmeditor-1.11.4.tgz",
      "integrity": "sha1-8+YzXLAomwM+WiwPZTXomy0XBP8=",
      "requires": {
        "codemirror": "5.33.0",
        "commonmark": "0.28.1"
      }
    },
    "string.prototype.repeat": {
      "version": "0.2.0",
      "resolved": "https://registry.npmjs.org/string.prototype.repeat/-/string.prototype.repeat-0.2.0.tgz",
      "integrity": "sha1-q6Nt4I3O5qWjN9SbLqHaGyj8Ds8="
    },
    "x-editable": {
      "version": "1.5.1",
      "resolved": "https://registry.npmjs.org/x-editable/-/x-editable-1.5.1.tgz",
      "integrity": "sha1-Ltu4kR7yxdYfY/BrDPAgvg/MWEk="
    }
  }
}
